
Microsoft Visual Studio Solution File, Format Version 12.00
# Visual Studio Version 17
VisualStudioVersion = 17.10.34928.147
MinimumVisualStudioVersion = 10.0.40219.1
Project("{9A19103F-16F7-4668-BE54-9A1E7A4F7556}") = "API", "API\API.csproj", "{36CE92BD-DB22-4C86-B66D-E2295EE5DE70}"
EndProject
Project("{2150E333-8FDC-42A3-9474-1A3956D46DE8}") = "src", "src", "{2890B270-2B80-4B0D-9C08-7FDF56888613}"
EndProject
Project("{2150E333-8FDC-42A3-9474-1A3956D46DE8}") = "Core", "Core", "{E931539E-D5A0-416C-B93C-EB6752C45B73}"
EndProject
Project("{2150E333-8FDC-42A3-9474-1A3956D46DE8}") = "External", "External", "{68EA7EF6-FC50-4E17-A6C8-637C9D2C28CC}"
EndProject
Project("{2150E333-8FDC-42A3-9474-1A3956D46DE8}") = "Infrastructure", "Infrastructure", "{19645D89-B687-4F1B-927F-F79E9E307AF4}"
EndProject
Project("{2150E333-8FDC-42A3-9474-1A3956D46DE8}") = "Presentation", "Presentation", "{D4DAECA8-3A29-4F4F-A5EF-12E1D39FF1DE}"
EndProject
Project("{9A19103F-16F7-4668-BE54-9A1E7A4F7556}") = "Infrastructure", "Infrastructure\Infrastructure.csproj", "{7C560A97-0615-4656-81E8-E258D6E91414}"
EndProject
Project("{9A19103F-16F7-4668-BE54-9A1E7A4F7556}") = "Persistance", "Persistance\Persistance.csproj", "{8948EAF5-C49B-4FC6-8593-80C77E7BA197}"
EndProject
Project("{2150E333-8FDC-42A3-9474-1A3956D46DE8}") = "Domain", "Domain", "{058681F2-8FF4-49E7-92F4-CBA715037EE6}"
EndProject
Project("{2150E333-8FDC-42A3-9474-1A3956D46DE8}") = "Application", "Application", "{3C26195F-64FB-4B0C-83FC-B408F6762C8B}"
EndProject
Project("{9A19103F-16F7-4668-BE54-9A1E7A4F7556}") = "Domain", "Domain\Domain.csproj", "{1E4F89E6-841C-4F67-BA54-9B00E80821AC}"
EndProject
Project("{9A19103F-16F7-4668-BE54-9A1E7A4F7556}") = "Application", "Application\Application.csproj", "{6584CC16-9004-4D2E-8E35-8BCCECB5367E}"
EndProject
Project("{FAE04EC0-301F-11D3-BF4B-00C04F79EFBC}") = "MVC", "MVC\MVC.csproj", "{8B5ED1CE-4C55-4D2E-9F20-5AC3551149FA}"
EndProject
Global
	GlobalSection(SolutionConfigurationPlatforms) = preSolution
		Debug|Any CPU = Debug|Any CPU
		Release|Any CPU = Release|Any CPU
	EndGlobalSection
	GlobalSection(ProjectConfigurationPlatforms) = postSolution
		{36CE92BD-DB22-4C86-B66D-E2295EE5DE70}.Debug|Any CPU.ActiveCfg = Debug|Any CPU
		{36CE92BD-DB22-4C86-B66D-E2295EE5DE70}.Debug|Any CPU.Build.0 = Debug|Any CPU
		{36CE92BD-DB22-4C86-B66D-E2295EE5DE70}.Release|Any CPU.ActiveCfg = Release|Any CPU
		{36CE92BD-DB22-4C86-B66D-E2295EE5DE70}.Release|Any CPU.Build.0 = Release|Any CPU
		{7C560A97-0615-4656-81E8-E258D6E91414}.Debug|Any CPU.ActiveCfg = Debug|Any CPU
		{7C560A97-0615-4656-81E8-E258D6E91414}.Debug|Any CPU.Build.0 = Debug|Any CPU
		{7C560A97-0615-4656-81E8-E258D6E91414}.Release|Any CPU.ActiveCfg = Release|Any CPU
		{7C560A97-0615-4656-81E8-E258D6E91414}.Release|Any CPU.Build.0 = Release|Any CPU
		{8948EAF5-C49B-4FC6-8593-80C77E7BA197}.Debug|Any CPU.ActiveCfg = Debug|Any CPU
		{8948EAF5-C49B-4FC6-8593-80C77E7BA197}.Debug|Any CPU.Build.0 = Debug|Any CPU
		{8948EAF5-C49B-4FC6-8593-80C77E7BA197}.Release|Any CPU.ActiveCfg = Release|Any CPU
		{8948EAF5-C49B-4FC6-8593-80C77E7BA197}.Release|Any CPU.Build.0 = Release|Any CPU
		{1E4F89E6-841C-4F67-BA54-9B00E80821AC}.Debug|Any CPU.ActiveCfg = Debug|Any CPU
		{1E4F89E6-841C-4F67-BA54-9B00E80821AC}.Debug|Any CPU.Build.0 = Debug|Any CPU
		{1E4F89E6-841C-4F67-BA54-9B00E80821AC}.Release|Any CPU.ActiveCfg = Release|Any CPU
		{1E4F89E6-841C-4F67-BA54-9B00E80821AC}.Release|Any CPU.Build.0 = Release|Any CPU
		{6584CC16-9004-4D2E-8E35-8BCCECB5367E}.Debug|Any CPU.ActiveCfg = Debug|Any CPU
		{6584CC16-9004-4D2E-8E35-8BCCECB5367E}.Debug|Any CPU.Build.0 = Debug|Any CPU
		{6584CC16-9004-4D2E-8E35-8BCCECB5367E}.Release|Any CPU.ActiveCfg = Release|Any CPU
		{6584CC16-9004-4D2E-8E35-8BCCECB5367E}.Release|Any CPU.Build.0 = Release|Any CPU
		{8B5ED1CE-4C55-4D2E-9F20-5AC3551149FA}.Debug|Any CPU.ActiveCfg = Debug|Any CPU
		{8B5ED1CE-4C55-4D2E-9F20-5AC3551149FA}.Debug|Any CPU.Build.0 = Debug|Any CPU
		{8B5ED1CE-4C55-4D2E-9F20-5AC3551149FA}.Release|Any CPU.ActiveCfg = Release|Any CPU
		{8B5ED1CE-4C55-4D2E-9F20-5AC3551149FA}.Release|Any CPU.Build.0 = Release|Any CPU
	EndGlobalSection
	GlobalSection(SolutionProperties) = preSolution
		HideSolutionNode = FALSE
	EndGlobalSection
	GlobalSection(NestedProjects) = preSolution
		{36CE92BD-DB22-4C86-B66D-E2295EE5DE70} = {D4DAECA8-3A29-4F4F-A5EF-12E1D39FF1DE}
		{E931539E-D5A0-416C-B93C-EB6752C45B73} = {2890B270-2B80-4B0D-9C08-7FDF56888613}
		{68EA7EF6-FC50-4E17-A6C8-637C9D2C28CC} = {2890B270-2B80-4B0D-9C08-7FDF56888613}
		{19645D89-B687-4F1B-927F-F79E9E307AF4} = {68EA7EF6-FC50-4E17-A6C8-637C9D2C28CC}
		{D4DAECA8-3A29-4F4F-A5EF-12E1D39FF1DE} = {68EA7EF6-FC50-4E17-A6C8-637C9D2C28CC}
		{7C560A97-0615-4656-81E8-E258D6E91414} = {19645D89-B687-4F1B-927F-F79E9E307AF4}
		{8948EAF5-C49B-4FC6-8593-80C77E7BA197} = {19645D89-B687-4F1B-927F-F79E9E307AF4}
		{058681F2-8FF4-49E7-92F4-CBA715037EE6} = {E931539E-D5A0-416C-B93C-EB6752C45B73}
		{3C26195F-64FB-4B0C-83FC-B408F6762C8B} = {E931539E-D5A0-416C-B93C-EB6752C45B73}
		{1E4F89E6-841C-4F67-BA54-9B00E80821AC} = {058681F2-8FF4-49E7-92F4-CBA715037EE6}
		{6584CC16-9004-4D2E-8E35-8BCCECB5367E} = {3C26195F-64FB-4B0C-83FC-B408F6762C8B}
		{8B5ED1CE-4C55-4D2E-9F20-5AC3551149FA} = {D4DAECA8-3A29-4F4F-A5EF-12E1D39FF1DE}
	EndGlobalSection
	GlobalSection(ExtensibilityGlobals) = postSolution
		SolutionGuid = {550CB65F-05A5-47A3-988C-1FDA10BA585C}
	EndGlobalSection
EndGlobal
